
Microsoft Visual Studio Solution File, Format Version 12.00
# Visual Studio Version 16
VisualStudioVersion = 16.0.31624.102
MinimumVisualStudioVersion = 10.0.40219.1
Project("{FAE04EC0-301F-11D3-BF4B-00C04F79EFBC}") = "TemplateMethod.labrab6", "TemplateMethod.labrab6.csproj", "{F378B39B-686D-4A1B-A20D-2EE6358DD6D4}"
EndProject
Global
	GlobalSection(SolutionConfigurationPlatforms) = preSolution
		Debug|Any CPU = Debug|Any CPU
		Release|Any CPU = Release|Any CPU
	EndGlobalSection
	GlobalSection(ProjectConfigurationPlatforms) = postSolution
		{F378B39B-686D-4A1B-A20D-2EE6358DD6D4}.Debug|Any CPU.ActiveCfg = Debug|Any CPU
		{F378B39B-686D-4A1B-A20D-2EE6358DD6D4}.Debug|Any CPU.Build.0 = Debug|Any CPU
		{F378B39B-686D-4A1B-A20D-2EE6358DD6D4}.Release|Any CPU.ActiveCfg = Release|Any CPU
		{F378B39B-686D-4A1B-A20D-2EE6358DD6D4}.Release|Any CPU.Build.0 = Release|Any CPU
	EndGlobalSection
	GlobalSection(SolutionProperties) = preSolution
		HideSolutionNode = FALSE
	EndGlobalSection
	GlobalSection(ExtensibilityGlobals) = postSolution
		SolutionGuid = {2E2A1AD7-2736-424C-8E22-6BF75BBA16CE}
	EndGlobalSection
EndGlobal
